
Microsoft Visual Studio Solution File, Format Version 12.00
# Visual Studio Version 16
VisualStudioVersion = 16.0.32929.386
MinimumVisualStudioVersion = 10.0.40219.1
Project("{FAE04EC0-301F-11D3-BF4B-00C04F79EFBC}") = "Blood Donation Management", "Blood Donation Management\Blood Donation Management.csproj", "{386A81BD-4CA8-48DA-BB69-C5E35CA600C6}"
EndProject
Global
	GlobalSection(SolutionConfigurationPlatforms) = preSolution
		Debug|Any CPU = Debug|Any CPU
		Release|Any CPU = Release|Any CPU
	EndGlobalSection
	GlobalSection(ProjectConfigurationPlatforms) = postSolution
		{386A81BD-4CA8-48DA-BB69-C5E35CA600C6}.Debug|Any CPU.ActiveCfg = Debug|Any CPU
		{386A81BD-4CA8-48DA-BB69-C5E35CA600C6}.Debug|Any CPU.Build.0 = Debug|Any CPU
		{386A81BD-4CA8-48DA-BB69-C5E35CA600C6}.Release|Any CPU.ActiveCfg = Release|Any CPU
		{386A81BD-4CA8-48DA-BB69-C5E35CA600C6}.Release|Any CPU.Build.0 = Release|Any CPU
	EndGlobalSection
	GlobalSection(SolutionProperties) = preSolution
		HideSolutionNode = FALSE
	EndGlobalSection
	GlobalSection(ExtensibilityGlobals) = postSolution
		SolutionGuid = {1D740BDD-ACB3-49C4-A1B8-1C0F41D986EC}
	EndGlobalSection
EndGlobal
